
Microsoft Visual Studio Solution File, Format Version 12.00
# Visual Studio 14
VisualStudioVersion = 14.0.23107.0
MinimumVisualStudioVersion = 10.0.40219.1
Project("{FAE04EC0-301F-11D3-BF4B-00C04F79EFBC}") = "SMSApplication", "SMSApplication\SMSApplication.csproj", "{DFCBF250-E7ED-4584-9AE0-B40F9A146AE6}"
EndProject
Project("{54435603-DBB4-11D2-8724-00A0C9A8B90C}") = "SMS-Application", "SMS Application setup\SMS-Application\SMS-Application.vdproj", "{925A3D7D-8DC6-45D3-867F-80C3657D193D}"
EndProject
Global
	GlobalSection(SolutionConfigurationPlatforms) = preSolution
		Debug|Any CPU = Debug|Any CPU
		Release|Any CPU = Release|Any CPU
	EndGlobalSection
	GlobalSection(ProjectConfigurationPlatforms) = postSolution
		{DFCBF250-E7ED-4584-9AE0-B40F9A146AE6}.Debug|Any CPU.ActiveCfg = Debug|Any CPU
		{DFCBF250-E7ED-4584-9AE0-B40F9A146AE6}.Debug|Any CPU.Build.0 = Debug|Any CPU
		{DFCBF250-E7ED-4584-9AE0-B40F9A146AE6}.Release|Any CPU.ActiveCfg = Release|Any CPU
		{DFCBF250-E7ED-4584-9AE0-B40F9A146AE6}.Release|Any CPU.Build.0 = Release|Any CPU
		{925A3D7D-8DC6-45D3-867F-80C3657D193D}.Debug|Any CPU.ActiveCfg = Debug
		{925A3D7D-8DC6-45D3-867F-80C3657D193D}.Release|Any CPU.ActiveCfg = Release
	EndGlobalSection
	GlobalSection(SolutionProperties) = preSolution
		HideSolutionNode = FALSE
	EndGlobalSection
	GlobalSection(ExtensibilityGlobals) = postSolution
		SolutionGuid = {6BAD7B0D-A7A5-459E-8B1E-3029EE977D4B}
	EndGlobalSection
EndGlobal
